// !$*UTF8*$!
{
	archiveVersion = 1;
	classes = {
	};
	objectVersion = 46;
	objects = {

/* Begin PBXBuildFile section */
		76F75B171EFCB1FD002D89B2 /* Log.m in Sources */ = {isa = PBXBuildFile; fileRef = 76F75B161EFCB1FD002D89B2 /* Log.m */; };
		76F75B181EFCB1FD002D89B2 /* Log.h in CopyFiles */ = {isa = PBXBuildFile; fileRef = 76F75B151EFCB1FD002D89B2 /* Log.h */; };
/* End PBXBuildFile section */

/* Begin PBXCopyFilesBuildPhase section */
		76F75B101EFCB1FD002D89B2 /* CopyFiles */ = {
			isa = PBXCopyFilesBuildPhase;
			buildActionMask = 2147483647;
			dstPath = "include/$(PRODUCT_NAME)";
			dstSubfolderSpec = 16;
			files = (
				76F75B181EFCB1FD002D89B2 /* Log.h in CopyFiles */,
			);
			runOnlyForDeploymentPostprocessing = 0;
		};
/* End PBXCopyFilesBuildPhase section */

/* Begin PBXFileReference section */
		76F75B121EFCB1FD002D89B2 /* libLog.a */ = {isa = PBXFileReference; explicitFileType = archive.ar; includeInIndex = 0; path = libLog.a; sourceTree = BUILT_PRODUCTS_DIR; };
		76F75B151EFCB1FD002D89B2 /* Log.h */ = {isa = PBXFileReference; lastKnownFileType = sourcecode.c.h; path = Log.h; sourceTree = "<group>"; };
		76F75B161EFCB1FD002D89B2 /* Log.m */ = {isa = PBXFileReference; lastKnownFileType = sourcecode.c.objc; path = Log.m; sourceTree = "<group>"; };
/* End PBXFileReference section */

/* Begin PBXFrameworksBuildPhase section */
		76F75B0F1EFCB1FD002D89B2 /* Frameworks */ = {
			isa = PBXFrameworksBuildPhase;
			buildActionMask = 2147483647;
			files = (
			);
			runOnlyForDeploymentPostprocessing = 0;
		};
/* End PBXFrameworksBuildPhase section */

/* Begin PBXGroup section */
		76F75B091EFCB1FD002D89B2 = {
			isa = PBXGroup;
			children = (
				76F75B141EFCB1FD002D89B2 /* Log */,
				76F75B131EFCB1FD002D89B2 /* Products */,
			);
			sourceTree = "<group>";
		};
		76F75B131EFCB1FD002D89B2 /* Products */ = {
			isa = PBXGroup;
			children = (
				76F75B121EFCB1FD002D89B2 /* libLog.a */,
			);
			name = Products;
			sourceTree = "<group>";
		};
		76F75B141EFCB1FD002D89B2 /* Log */ = {
			isa = PBXGroup;
			children = (
				76F75B151EFCB1FD002D89B2 /* Log.h */,
				76F75B161EFCB1FD002D89B2 /* Log.m */,
			);
			path = Log;
			sourceTree = "<group>";
		};
/* End PBXGroup section */

/* Begin PBXNativeTarget section */
		76F75B111EFCB1FD002D89B2 /* Log */ = {
			isa = PBXNativeTarget;
			buildConfigurationList = 76F75B1B1EFCB1FD002D89B2 /* Build configuration list for PBXNativeTarget "Log" */;
			buildPhases = (
				76F75B0E1EFCB1FD002D89B2 /* Sources */,
				76F75B0F1EFCB1FD002D89B2 /* Frameworks */,
				76F75B101EFCB1FD002D89B2 /* CopyFiles */,
			);
			buildRules = (
			);
			dependencies = (
			);
			name = Log;
			productName = Log;
			productReference = 76F75B121EFCB1FD002D89B2 /* libLog.a */;
			productType = "com.apple.product-type.library.static";
		};
/* End PBXNativeTarget section */

/* Begin PBXProject section */
		76F75B0A1EFCB1FD002D89B2 /* Project object */ = {
			isa = PBXProject;
			attributes = {
				LastUpgradeCheck = 0830;
				ORGANIZATIONNAME = Arther;
				TargetAttributes = {
					76F75B111EFCB1FD002D89B2 = {
						CreatedOnToolsVersion = 8.3.2;
						DevelopmentTeam = MRZDQ8C49F;
						ProvisioningStyle = Automatic;
					};
				};
			};
			buildConfigurationList = 76F75B0D1EFCB1FD002D89B2 /* Build configuration list for PBXProject "Log" */;
			compatibilityVersion = "Xcode 3.2";
			developmentRegion = English;
			hasScannedForEncodings = 0;
			knownRegions = (
				en,
			);
			mainGroup = 76F75B091EFCB1FD002D89B2;
			productRefGroup = 76F75B131EFCB1FD002D89B2 /* Products */;
			projectDirPath = "";
			projectRoot = "";
			targets = (
				76F75B111EFCB1FD002D89B2 /* Log */,
			);
		};
/* End PBXProject section */

/* Begin PBXSourcesBuildPhase section */
		76F75B0E1EFCB1FD002D89B2 /* Sources */ = {
			isa = PBXSourcesBuildPhase;
			buildActionMask = 2147483647;
			files = (
				76F75B171EFCB1FD002D89B2 /* Log.m in Sources */,
			);
			runOnlyForDeploymentPostprocessing = 0;
		};
/* End PBXSourcesBuildPhase section */

/* Begin XCBuildConfiguration section */
		76F75B191EFCB1FD002D89B2 /* Debug */ = {
			isa = XCBuildConfiguration;
			buildSettings = {
				ALWAYS_SEARCH_USER_PATHS = NO;
				CLANG_ANALYZER_NONNULL = YES;
				CLANG_ANALYZER_NUMBER_OBJECT_CONVERSION = YES_AGGRESSIVE;
				CLANG_CXX_LANGUAGE_STANDARD = "gnu++0x";
				CLANG_CXX_LIBRARY = "libc++";
				CLANG_ENABLE_MODULES = YES;
				CLANG_ENABLE_OBJC_ARC = YES;
				CLANG_WARN_BOOL_CONVERSION = YES;
				CLANG_WARN_CONSTANT_CONVERSION = YES;
				CLANG_WARN_DIRECT_OBJC_ISA_USAGE = YES_ERROR;
				CLANG_WARN_DOCUMENTATION_COMMENTS = YES;
				CLANG_WARN_EMPTY_BODY = YES;
				CLANG_WARN_ENUM_CONVERSION = YES;
				CLANG_WARN_INFINITE_RECURSION = YES;
				CLANG_WARN_INT_CONVERSION = YES;
				CLANG_WARN_OBJC_ROOT_CLASS = YES_ERROR;
				CLANG_WARN_SUSPICIOUS_MOVE = YES;
				CLANG_WARN_UNREACHABLE_CODE = YES;
				CLANG_WARN__DUPLICATE_METHOD_MATCH = YES;
				"CODE_SIGN_IDENTITY[sdk=iphoneos*]" = "iPhone Developer";
				COPY_PHASE_STRIP = NO;
				DEBUG_INFORMATION_FORMAT = dwarf;
				ENABLE_STRICT_OBJC_MSGSEND = YES;
				ENABLE_TESTABILITY = YES;
				GCC_C_LANGUAGE_STANDARD = gnu99;
				GCC_DYNAMIC_NO_PIC = NO;
				GCC_NO_COMMON_BLOCKS = YES;
				GCC_OPTIMIZATION_LEVEL = 0;
				GCC_PREPROCESSOR_DEFINITIONS = (
					"DEBUG=1",
					"$(inherited)",
				);
				GCC_WARN_64_TO_32_BIT_CONVERSION = YES;
				GCC_WARN_ABOUT_RETURN_TYPE = YES_ERROR;
				GCC_WARN_UNDECLARED_SELECTOR = YES;
				GCC_WARN_UNINITIALIZED_AUTOS = YES_AGGRESSIVE;
				GCC_WARN_UNUSED_FUNCTION = YES;
				GCC_WARN_UNUSED_VARIABLE = YES;
				IPHONEOS_DEPLOYMENT_TARGET = 8.0;
				MTL_ENABLE_DEBUG_INFO = YES;
				ONLY_ACTIVE_ARCH = YES;
				SDKROOT = iphoneos;
			};
			name = Debug;
		};
		76F75B1A1EFCB1FD002D89B2 /* Release */ = {
			isa = XCBuildConfiguration;
			buildSettings = {
				ALWAYS_SEARCH_USER_PATHS = NO;
				CLANG_ANALYZER_NONNULL = YES;
				CLANG_ANALYZER_NUMBER_OBJECT_CONVERSION = YES_AGGRESSIVE;
				CLANG_CXX_LANGUAGE_STANDARD = "gnu++0x";
				CLANG_CXX_LIBRARY = "libc++";
				CLANG_ENABLE_MODULES = YES;
				CLANG_ENABLE_OBJC_ARC = YES;
				CLANG_WARN_BOOL_CONVERSION = YES;
				CLANG_WARN_CONSTANT_CONVERSION = YES;
				CLANG_WARN_DIRECT_OBJC_ISA_USAGE = YES_ERROR;
				CLANG_WARN_DOCUMENTATION_COMMENTS = YES;
				CLANG_WARN_EMPTY_BODY = YES;
				CLANG_WARN_ENUM_CONVERSION = YES;
				CLANG_WARN_INFINITE_RECURSION = YES;
				CLANG_WARN_INT_CONVERSION = YES;
				CLANG_WARN_OBJC_ROOT_CLASS = YES_ERROR;
				CLANG_WARN_SUSPICIOUS_MOVE = YES;
				CLANG_WARN_UNREACHABLE_CODE = YES;
				CLANG_WARN__DUPLICATE_METHOD_MATCH = YES;
				"CODE_SIGN_IDENTITY[sdk=iphoneos*]" = "iPhone Developer";
				COPY_PHASE_STRIP = NO;
				DEBUG_INFORMATION_FORMAT = "dwarf-with-dsym";
				ENABLE_NS_ASSERTIONS = NO;
				ENABLE_STRICT_OBJC_MSGSEND = YES;
				GCC_C_LANGUAGE_STANDARD = gnu99;
				GCC_NO_COMMON_BLOCKS = YES;
				GCC_WARN_64_TO_32_BIT_CONVERSION = YES;
				GCC_WARN_ABOUT_RETURN_TYPE = YES_ERROR;
				GCC_WARN_UNDECLARED_SELECTOR = YES;
				GCC_WARN_UNINITIALIZED_AUTOS = YES_AGGRESSIVE;
				GCC_WARN_UNUSED_FUNCTION = YES;
				GCC_WARN_UNUSED_VARIABLE = YES;
				IPHONEOS_DEPLOYMENT_TARGET = 8.0;
				MTL_ENABLE_DEBUG_INFO = NO;
				SDKROOT = iphoneos;
				VALIDATE_PRODUCT = YES;
			};
			name = Release;
		};
		76F75B1C1EFCB1FD002D89B2 /* Debug */ = {
			isa = XCBuildConfiguration;
			buildSettings = {
				DEVELOPMENT_TEAM = MRZDQ8C49F;
				HEADER_SEARCH_PATHS = "$(SRCROOT)/../../react-native/React/**";
				LD_RUNPATH_SEARCH_PATHS = "";
				OTHER_LDFLAGS = "-ObjC";
				PRODUCT_NAME = "$(TARGET_NAME)";
				SKIP_INSTALL = YES;
			};
			name = Debug;
		};
		76F75B1D1EFCB1FD002D89B2 /* Release */ = {
			isa = XCBuildConfiguration;
			buildSettings = {
				DEVELOPMENT_TEAM = MRZDQ8C49F;
				HEADER_SEARCH_PATHS = "$(SRCROOT)/../../react-native/React/**";
				LD_RUNPATH_SEARCH_PATHS = "";
				OTHER_LDFLAGS = "-ObjC";
				PRODUCT_NAME = "$(TARGET_NAME)";
				SKIP_INSTALL = YES;
			};
			name = Release;
		};
/* End XCBuildConfiguration section */

/* Begin XCConfigurationList section */
		76F75B0D1EFCB1FD002D89B2 /* Build configuration list for PBXProject "Log" */ = {
			isa = XCConfigurationList;
			buildConfigurations = (
				76F75B191EFCB1FD002D89B2 /* Debug */,
				76F75B1A1EFCB1FD002D89B2 /* Release */,
			);
			defaultConfigurationIsVisible = 0;
			defaultConfigurationName = Release;
		};
		76F75B1B1EFCB1FD002D89B2 /* Build configuration list for PBXNativeTarget "Log" */ = {
			isa = XCConfigurationList;
			buildConfigurations = (
				76F75B1C1EFCB1FD002D89B2 /* Debug */,
				76F75B1D1EFCB1FD002D89B2 /* Release */,
			);
			defaultConfigurationIsVisible = 0;
			defaultConfigurationName = Release;
		};
/* End XCConfigurationList section */
	};
	rootObject = 76F75B0A1EFCB1FD002D89B2 /* Project object */;
}
